
Microsoft Visual Studio Solution File, Format Version 12.00
# Visual Studio Version 16
VisualStudioVersion = 16.0.31424.327
MinimumVisualStudioVersion = 10.0.40219.1
Project("{FAE04EC0-301F-11D3-BF4B-00C04F79EFBC}") = "PruebaContinental.Core", "PruebaWebApi.Core\PruebaContinental.Core.csproj", "{55230A89-EC05-47D0-B53C-AD51FF01CF51}"
EndProject
Project("{FAE04EC0-301F-11D3-BF4B-00C04F79EFBC}") = "PruebaContinental.Infraestructure", "PruebaWebApi.Infraetructure\PruebaContinental.Infraestructure.csproj", "{885A0355-58F7-48D3-B273-E819F99077D1}"
EndProject
Project("{FAE04EC0-301F-11D3-BF4B-00C04F79EFBC}") = "PruebaContinental.WebApi", "PruebaWeb\PruebaContinental.WebApi.csproj", "{DE786601-D12C-4825-BDBD-9438BF040177}"
EndProject
Global
	GlobalSection(SolutionConfigurationPlatforms) = preSolution
		Debug|Any CPU = Debug|Any CPU
		Release|Any CPU = Release|Any CPU
	EndGlobalSection
	GlobalSection(ProjectConfigurationPlatforms) = postSolution
		{55230A89-EC05-47D0-B53C-AD51FF01CF51}.Debug|Any CPU.ActiveCfg = Debug|Any CPU
		{55230A89-EC05-47D0-B53C-AD51FF01CF51}.Debug|Any CPU.Build.0 = Debug|Any CPU
		{55230A89-EC05-47D0-B53C-AD51FF01CF51}.Release|Any CPU.ActiveCfg = Release|Any CPU
		{55230A89-EC05-47D0-B53C-AD51FF01CF51}.Release|Any CPU.Build.0 = Release|Any CPU
		{885A0355-58F7-48D3-B273-E819F99077D1}.Debug|Any CPU.ActiveCfg = Debug|Any CPU
		{885A0355-58F7-48D3-B273-E819F99077D1}.Debug|Any CPU.Build.0 = Debug|Any CPU
		{885A0355-58F7-48D3-B273-E819F99077D1}.Release|Any CPU.ActiveCfg = Release|Any CPU
		{885A0355-58F7-48D3-B273-E819F99077D1}.Release|Any CPU.Build.0 = Release|Any CPU
		{DE786601-D12C-4825-BDBD-9438BF040177}.Debug|Any CPU.ActiveCfg = Debug|Any CPU
		{DE786601-D12C-4825-BDBD-9438BF040177}.Debug|Any CPU.Build.0 = Debug|Any CPU
		{DE786601-D12C-4825-BDBD-9438BF040177}.Release|Any CPU.ActiveCfg = Release|Any CPU
		{DE786601-D12C-4825-BDBD-9438BF040177}.Release|Any CPU.Build.0 = Release|Any CPU
	EndGlobalSection
	GlobalSection(SolutionProperties) = preSolution
		HideSolutionNode = FALSE
	EndGlobalSection
	GlobalSection(ExtensibilityGlobals) = postSolution
		SolutionGuid = {1BC790E0-514E-460D-83AE-550148432AF8}
	EndGlobalSection
EndGlobal
